
Microsoft Visual Studio Solution File, Format Version 12.00
# Visual Studio Version 17
VisualStudioVersion = 17.4.33110.190
MinimumVisualStudioVersion = 10.0.40219.1
Project("{9A19103F-16F7-4668-BE54-9A1E7A4F7556}") = "WordleBestWord", "WordleBestWord\WordleBestWord.csproj", "{79E492AA-6BF4-42E0-95AA-E8C9CB84E3A7}"
EndProject
Project("{FAE04EC0-301F-11D3-BF4B-00C04F79EFBC}") = "WordleBestWordTests", "WordleBestWordTests\WordleBestWordTests.csproj", "{878558B7-19FF-4C6F-B903-D1DF26798DBF}"
EndProject
Global
	GlobalSection(SolutionConfigurationPlatforms) = preSolution
		Debug|Any CPU = Debug|Any CPU
		Release|Any CPU = Release|Any CPU
	EndGlobalSection
	GlobalSection(ProjectConfigurationPlatforms) = postSolution
		{79E492AA-6BF4-42E0-95AA-E8C9CB84E3A7}.Debug|Any CPU.ActiveCfg = Debug|Any CPU
		{79E492AA-6BF4-42E0-95AA-E8C9CB84E3A7}.Debug|Any CPU.Build.0 = Debug|Any CPU
		{79E492AA-6BF4-42E0-95AA-E8C9CB84E3A7}.Release|Any CPU.ActiveCfg = Release|Any CPU
		{79E492AA-6BF4-42E0-95AA-E8C9CB84E3A7}.Release|Any CPU.Build.0 = Release|Any CPU
		{878558B7-19FF-4C6F-B903-D1DF26798DBF}.Debug|Any CPU.ActiveCfg = Debug|Any CPU
		{878558B7-19FF-4C6F-B903-D1DF26798DBF}.Debug|Any CPU.Build.0 = Debug|Any CPU
		{878558B7-19FF-4C6F-B903-D1DF26798DBF}.Release|Any CPU.ActiveCfg = Release|Any CPU
		{878558B7-19FF-4C6F-B903-D1DF26798DBF}.Release|Any CPU.Build.0 = Release|Any CPU
	EndGlobalSection
	GlobalSection(SolutionProperties) = preSolution
		HideSolutionNode = FALSE
	EndGlobalSection
	GlobalSection(ExtensibilityGlobals) = postSolution
		SolutionGuid = {C3B7ED88-F25B-4B32-A6F2-20EDD7F85483}
	EndGlobalSection
EndGlobal
